
Microsoft Visual Studio Solution File, Format Version 12.00
# Visual Studio 2013
VisualStudioVersion = 12.0.30723.0
MinimumVisualStudioVersion = 10.0.40219.1
Project("{8BC9CEB8-8B4A-11D0-8D11-00A0C91BC942}") = "ImgSegmentation", "ImgSegmentation.vcxproj", "{86C37264-0818-4FD5-BC76-CFA787116E0E}"
EndProject
Global
	GlobalSection(SolutionConfigurationPlatforms) = preSolution
		Debug|Win32 = Debug|Win32
		Release|Win32 = Release|Win32
	EndGlobalSection
	GlobalSection(ProjectConfigurationPlatforms) = postSolution
		{86C37264-0818-4FD5-BC76-CFA787116E0E}.Debug|Win32.ActiveCfg = Debug|Win32
		{86C37264-0818-4FD5-BC76-CFA787116E0E}.Debug|Win32.Build.0 = Debug|Win32
		{86C37264-0818-4FD5-BC76-CFA787116E0E}.Release|Win32.ActiveCfg = Release|Win32
		{86C37264-0818-4FD5-BC76-CFA787116E0E}.Release|Win32.Build.0 = Release|Win32
	EndGlobalSection
	GlobalSection(SolutionProperties) = preSolution
		HideSolutionNode = FALSE
	EndGlobalSection
EndGlobal
